Microsoft Visual Studio Solution File, Format Version 12.00
# Visual Studio Version 17
VisualStudioVersion = 17.5.2.0
MinimumVisualStudioVersion = 10.0.40219.1
Project("{FAE04EC0-301F-11D3-BF4B-00C04F79EFBC}") = "Backend", "Backend\Backend.csproj", "{B5CEE1AB-68C5-FCEC-EA61-653FFB609ED2}"
EndProject
Project("{FAE04EC0-301F-11D3-BF4B-00C04F79EFBC}") = "Frontend", "Frontend\Frontend.csproj", "{90CF18BE-437A-4804-9E85-213B3EBFA1C5}"
EndProject
Project("{2150E333-8FDC-42A3-9474-1A3956D46DE8}") = "Backend (1)", "Backend (1)", "{F40A6B9C-1551-2899-B62A-34194074F929}"
EndProject
Project("{2150E333-8FDC-42A3-9474-1A3956D46DE8}") = "Frontend (1)", "Frontend (1)", "{76EF6369-3A74-2C2B-71BA-8FBA4A5C6EF0}"
EndProject
Project("{FAE04EC0-301F-11D3-BF4B-00C04F79EFBC}") = "Backend.Tests", "Backend\Backend.Tests\Backend.Tests.csproj", "{65E5F452-669A-36C7-E613-B0E59DB60AD6}"
EndProject
Project("{FAE04EC0-301F-11D3-BF4B-00C04F79EFBC}") = "Frontend.Tests", "Frontend\Frontend.Tests\Frontend.Tests.csproj", "{3AA21BF4-2462-A5FC-8CB1-40BBA8FF84A6}"
EndProject
Global
	GlobalSection(SolutionConfigurationPlatforms) = preSolution
		Debug|Any CPU = Debug|Any CPU
		Release|Any CPU = Release|Any CPU
	EndGlobalSection
	GlobalSection(ProjectConfigurationPlatforms) = postSolution
		{B5CEE1AB-68C5-FCEC-EA61-653FFB609ED2}.Debug|Any CPU.ActiveCfg = Debug|Any CPU
		{B5CEE1AB-68C5-FCEC-EA61-653FFB609ED2}.Debug|Any CPU.Build.0 = Debug|Any CPU
		{B5CEE1AB-68C5-FCEC-EA61-653FFB609ED2}.Release|Any CPU.ActiveCfg = Release|Any CPU
		{B5CEE1AB-68C5-FCEC-EA61-653FFB609ED2}.Release|Any CPU.Build.0 = Release|Any CPU
		{90CF18BE-437A-4804-9E85-213B3EBFA1C5}.Debug|Any CPU.ActiveCfg = Debug|Any CPU
		{90CF18BE-437A-4804-9E85-213B3EBFA1C5}.Debug|Any CPU.Build.0 = Debug|Any CPU
		{90CF18BE-437A-4804-9E85-213B3EBFA1C5}.Release|Any CPU.ActiveCfg = Release|Any CPU
		{90CF18BE-437A-4804-9E85-213B3EBFA1C5}.Release|Any CPU.Build.0 = Release|Any CPU
		{65E5F452-669A-36C7-E613-B0E59DB60AD6}.Debug|Any CPU.ActiveCfg = Debug|Any CPU
		{65E5F452-669A-36C7-E613-B0E59DB60AD6}.Debug|Any CPU.Build.0 = Debug|Any CPU
		{65E5F452-669A-36C7-E613-B0E59DB60AD6}.Release|Any CPU.ActiveCfg = Release|Any CPU
		{65E5F452-669A-36C7-E613-B0E59DB60AD6}.Release|Any CPU.Build.0 = Release|Any CPU
		{3AA21BF4-2462-A5FC-8CB1-40BBA8FF84A6}.Debug|Any CPU.ActiveCfg = Debug|Any CPU
		{3AA21BF4-2462-A5FC-8CB1-40BBA8FF84A6}.Debug|Any CPU.Build.0 = Debug|Any CPU
		{3AA21BF4-2462-A5FC-8CB1-40BBA8FF84A6}.Release|Any CPU.ActiveCfg = Release|Any CPU
		{3AA21BF4-2462-A5FC-8CB1-40BBA8FF84A6}.Release|Any CPU.Build.0 = Release|Any CPU
	EndGlobalSection
	GlobalSection(SolutionProperties) = preSolution
		HideSolutionNode = FALSE
	EndGlobalSection
	GlobalSection(NestedProjects) = preSolution
		{65E5F452-669A-36C7-E613-B0E59DB60AD6} = {F40A6B9C-1551-2899-B62A-34194074F929}
		{3AA21BF4-2462-A5FC-8CB1-40BBA8FF84A6} = {76EF6369-3A74-2C2B-71BA-8FBA4A5C6EF0}
	EndGlobalSection
	GlobalSection(ExtensibilityGlobals) = postSolution
		SolutionGuid = {D74D8C45-A705-44E3-920F-BD4C23361D7D}
	EndGlobalSection
EndGlobal
